{
    "name": "dockview-react",
    "version": "0.0.0-beta.3",
    "lockfileVersion": 1,
    "requires": true,
    "dependencies": {
        "@babel/code-frame": {
            "version": "7.10.4",
            "resolved": "https://registry.npmjs.org/@babel/code-frame/-/code-frame-7.10.4.tgz",
            "integrity": "sha512-vG6SvB6oYEhvgisZNFRmRCUkLz11c7rp+tbNTynGqc6mS1d5ATd/sGyV6W0KZZnXRKMTzZDRgQT3Ou9jhpAfUg==",
            "dev": true,
            "requires": {
                "@babel/highlight": "^7.10.4"
            }
        },
        "@babel/helper-validator-identifier": {
            "version": "7.10.4",
            "resolved": "https://registry.npmjs.org/@babel/helper-validator-identifier/-/helper-validator-identifier-7.10.4.tgz",
            "integrity": "sha512-3U9y+43hz7ZM+rzG24Qe2mufW5KhvFg/NhnNph+i9mgCtdTCtMJuI1TMkrIUiK7Ix4PYlRF9I5dhqaLYA/ADXw==",
            "dev": true
        },
        "@babel/highlight": {
            "version": "7.10.4",
            "resolved": "https://registry.npmjs.org/@babel/highlight/-/highlight-7.10.4.tgz",
            "integrity": "sha512-i6rgnR/YgPEQzZZnbTHHuZdlE8qyoBNalD6F+q4vAFlcMEcqmkoG+mPqJYJCo63qPf74+Y1UZsl3l6f7/RIkmA==",
            "dev": true,
            "requires": {
                "@babel/helper-validator-identifier": "^7.10.4",
                "chalk": "^2.0.0",
                "js-tokens": "^4.0.0"
            },
            "dependencies": {
                "chalk": {
                    "version": "2.4.2",
                    "resolved": "https://registry.npmjs.org/chalk/-/chalk-2.4.2.tgz",
                    "integrity": "sha512-Mti+f9lpJNcwF4tWV8/OrTTtF1gZi+f8FqlyAdouralcFWFQWF2+NgCHShjkCb+IFBLq9buZwE1xckQU4peSuQ==",
                    "dev": true,
                    "requires": {
                        "ansi-styles": "^3.2.1",
                        "escape-string-regexp": "^1.0.5",
                        "supports-color": "^5.3.0"
                    }
                }
            }
        },
        "@babel/runtime": {
            "version": "7.11.2",
            "resolved": "https://registry.npmjs.org/@babel/runtime/-/runtime-7.11.2.tgz",
            "integrity": "sha512-TeWkU52so0mPtDcaCTxNBI/IHiz0pZgr8VEFqXFtZWpYD08ZB6FaSwVAS8MKRQAP3bYKiVjwysOJgMFY28o6Tw==",
            "dev": true,
            "requires": {
                "regenerator-runtime": "^0.13.4"
            }
        },
        "@babel/runtime-corejs3": {
            "version": "7.11.2",
            "resolved": "https://registry.npmjs.org/@babel/runtime-corejs3/-/runtime-corejs3-7.11.2.tgz",
            "integrity": "sha512-qh5IR+8VgFz83VBa6OkaET6uN/mJOhHONuy3m1sgF0CV6mXdPSEBdA7e1eUbVvyNtANjMbg22JUv71BaDXLY6A==",
            "dev": true,
            "requires": {
                "core-js-pure": "^3.0.0",
                "regenerator-runtime": "^0.13.4"
            }
        },
        "@jest/types": {
            "version": "26.3.0",
            "resolved": "https://registry.npmjs.org/@jest/types/-/types-26.3.0.tgz",
            "integrity": "sha512-BDPG23U0qDeAvU4f99haztXwdAg3hz4El95LkAM+tHAqqhiVzRpEGHHU8EDxT/AnxOrA65YjLBwDahdJ9pTLJQ==",
            "dev": true,
            "requires": {
                "@types/istanbul-lib-coverage": "^2.0.0",
                "@types/istanbul-reports": "^3.0.0",
                "@types/node": "*",
                "@types/yargs": "^15.0.0",
                "chalk": "^4.0.0"
            }
        },
        "@testing-library/dom": {
            "version": "7.24.2",
            "resolved": "https://registry.npmjs.org/@testing-library/dom/-/dom-7.24.2.tgz",
            "integrity": "sha512-ERxcZSoHx0EcN4HfshySEWmEf5Kkmgi+J7O79yCJ3xggzVlBJ2w/QjJUC+EBkJJ2OeSw48i3IoePN4w8JlVUIA==",
            "dev": true,
            "requires": {
                "@babel/code-frame": "^7.10.4",
                "@babel/runtime": "^7.10.3",
                "@types/aria-query": "^4.2.0",
                "aria-query": "^4.2.2",
                "chalk": "^4.1.0",
                "dom-accessibility-api": "^0.5.1",
                "pretty-format": "^26.4.2"
            }
        },
        "@testing-library/react": {
            "version": "10.4.9",
            "resolved": "https://registry.npmjs.org/@testing-library/react/-/react-10.4.9.tgz",
            "integrity": "sha512-pHZKkqUy0tmiD81afs8xfiuseXfU/N7rAX3iKjeZYje86t9VaB0LrxYVa+OOsvkrveX5jCK3IjajVn2MbePvqA==",
            "dev": true,
            "requires": {
                "@babel/runtime": "^7.10.3",
                "@testing-library/dom": "^7.22.3"
            }
        },
        "@types/aria-query": {
            "version": "4.2.0",
            "resolved": "https://registry.npmjs.org/@types/aria-query/-/aria-query-4.2.0.tgz",
            "integrity": "sha512-iIgQNzCm0v7QMhhe4Jjn9uRh+I6GoPmt03CbEtwx3ao8/EfoQcmgtqH4vQ5Db/lxiIGaWDv6nwvunuh0RyX0+A==",
            "dev": true
        },
        "@types/color-name": {
            "version": "1.1.1",
            "resolved": "https://registry.npmjs.org/@types/color-name/-/color-name-1.1.1.tgz",
            "integrity": "sha512-rr+OQyAjxze7GgWrSaJwydHStIhHq2lvY3BOC2Mj7KnzI7XK0Uw1TOOdI9lDoajEbSWLiYgoo4f1R51erQfhPQ==",
            "dev": true
        },
        "@types/istanbul-lib-coverage": {
            "version": "2.0.3",
            "resolved": "https://registry.npmjs.org/@types/istanbul-lib-coverage/-/istanbul-lib-coverage-2.0.3.tgz",
            "integrity": "sha512-sz7iLqvVUg1gIedBOvlkxPlc8/uVzyS5OwGz1cKjXzkl3FpL3al0crU8YGU1WoHkxn0Wxbw5tyi6hvzJKNzFsw==",
            "dev": true
        },
        "@types/istanbul-lib-report": {
            "version": "3.0.0",
            "resolved": "https://registry.npmjs.org/@types/istanbul-lib-report/-/istanbul-lib-report-3.0.0.tgz",
            "integrity": "sha512-plGgXAPfVKFoYfa9NpYDAkseG+g6Jr294RqeqcqDixSbU34MZVJRi/P+7Y8GDpzkEwLaGZZOpKIEmeVZNtKsrg==",
            "dev": true,
            "requires": {
                "@types/istanbul-lib-coverage": "*"
            }
        },
        "@types/istanbul-reports": {
            "version": "3.0.0",
            "resolved": "https://registry.npmjs.org/@types/istanbul-reports/-/istanbul-reports-3.0.0.tgz",
            "integrity": "sha512-nwKNbvnwJ2/mndE9ItP/zc2TCzw6uuodnF4EHYWD+gCQDVBuRQL5UzbZD0/ezy1iKsFU2ZQiDqg4M9dN4+wZgA==",
            "dev": true,
            "requires": {
                "@types/istanbul-lib-report": "*"
            }
        },
        "@types/node": {
            "version": "14.10.2",
            "resolved": "https://registry.npmjs.org/@types/node/-/node-14.10.2.tgz",
            "integrity": "sha512-IzMhbDYCpv26pC2wboJ4MMOa9GKtjplXfcAqrMeNJpUUwpM/2ATt2w1JPUXwS6spu856TvKZL2AOmeU2rAxskw==",
            "dev": true
        },
        "@types/prop-types": {
            "version": "15.7.3",
            "resolved": "https://registry.npmjs.org/@types/prop-types/-/prop-types-15.7.3.tgz",
            "integrity": "sha512-KfRL3PuHmqQLOG+2tGpRO26Ctg+Cq1E01D2DMriKEATHgWLfeNDmq9e29Q9WIky0dQ3NPkd1mzYH8Lm936Z9qw==",
            "dev": true
        },
        "@types/react": {
            "version": "17.0.0",
            "resolved": "https://registry.npmjs.org/@types/react/-/react-17.0.0.tgz",
            "integrity": "sha512-aj/L7RIMsRlWML3YB6KZiXB3fV2t41+5RBGYF8z+tAKU43Px8C3cYUZsDvf1/+Bm4FK21QWBrDutu8ZJ/70qOw==",
            "dev": true,
            "requires": {
                "@types/prop-types": "*",
                "csstype": "^3.0.2"
            }
        },
        "@types/react-dom": {
            "version": "17.0.0",
            "resolved": "https://registry.npmjs.org/@types/react-dom/-/react-dom-17.0.0.tgz",
            "integrity": "sha512-lUqY7OlkF/RbNtD5nIq7ot8NquXrdFrjSOR6+w9a9RFQevGi1oZO1dcJbXMeONAPKtZ2UrZOEJ5UOCVsxbLk/g==",
            "dev": true,
            "requires": {
                "@types/react": "*"
            }
        },
        "@types/yargs": {
            "version": "15.0.5",
            "resolved": "https://registry.npmjs.org/@types/yargs/-/yargs-15.0.5.tgz",
            "integrity": "sha512-Dk/IDOPtOgubt/IaevIUbTgV7doaKkoorvOyYM2CMwuDyP89bekI7H4xLIwunNYiK9jhCkmc6pUrJk3cj2AB9w==",
            "dev": true,
            "requires": {
                "@types/yargs-parser": "*"
            }
        },
        "@types/yargs-parser": {
            "version": "15.0.0",
            "resolved": "https://registry.npmjs.org/@types/yargs-parser/-/yargs-parser-15.0.0.tgz",
            "integrity": "sha512-FA/BWv8t8ZWJ+gEOnLLd8ygxH/2UFbAvgEonyfN6yWGLKc7zVjbpl2Y4CTjid9h2RfgPP6SEt6uHwEOply00yw==",
            "dev": true
        },
        "ansi-regex": {
            "version": "5.0.0",
            "resolved": "https://registry.npmjs.org/ansi-regex/-/ansi-regex-5.0.0.tgz",
            "integrity": "sha512-bY6fj56OUQ0hU1KjFNDQuJFezqKdrAyFdIevADiqrWHwSlbmBNMHp5ak2f40Pm8JTFyM2mqxkG6ngkHO11f/lg==",
            "dev": true
        },
        "ansi-styles": {
            "version": "3.2.1",
            "resolved": "https://registry.npmjs.org/ansi-styles/-/ansi-styles-3.2.1.tgz",
            "integrity": "sha512-VT0ZI6kZRdTh8YyJw3SMbYm/u+NqfsAxEpWO0Pf9sq8/e94WxxOpPKx9FR1FlyCtOVDNOQ+8ntlqFxiRc+r5qA==",
            "dev": true,
            "requires": {
                "color-convert": "^1.9.0"
            }
        },
        "aria-query": {
            "version": "4.2.2",
            "resolved": "https://registry.npmjs.org/aria-query/-/aria-query-4.2.2.tgz",
            "integrity": "sha512-o/HelwhuKpTj/frsOsbNLNgnNGVIFsVP/SW2BSF14gVl7kAfMOJ6/8wUAUvG1R1NHKrfG+2sHZTu0yauT1qBrA==",
            "dev": true,
            "requires": {
                "@babel/runtime": "^7.10.2",
                "@babel/runtime-corejs3": "^7.10.2"
            }
        },
        "balanced-match": {
            "version": "1.0.0",
            "resolved": "https://registry.npmjs.org/balanced-match/-/balanced-match-1.0.0.tgz",
            "integrity": "sha1-ibTRmasr7kneFk6gK4nORi1xt2c=",
            "dev": true
        },
        "brace-expansion": {
            "version": "1.1.11",
            "resolved": "https://registry.npmjs.org/brace-expansion/-/brace-expansion-1.1.11.tgz",
            "integrity": "sha512-iCuPHDFgrHX7H2vEI/5xpz07zSHB00TpugqhmYtVmMO6518mCuRMoOYFldEBl0g187ufozdaHgWKcYFb61qGiA==",
            "dev": true,
            "requires": {
                "balanced-match": "^1.0.0",
                "concat-map": "0.0.1"
            }
        },
        "chalk": {
            "version": "4.1.0",
            "resolved": "https://registry.npmjs.org/chalk/-/chalk-4.1.0.tgz",
            "integrity": "sha512-qwx12AxXe2Q5xQ43Ac//I6v5aXTipYrSESdOgzrN+9XjgEpyjpKuvSGaN4qE93f7TQTlerQQ8S+EQ0EyDoVL1A==",
            "dev": true,
            "requires": {
                "ansi-styles": "^4.1.0",
                "supports-color": "^7.1.0"
            },
            "dependencies": {
                "ansi-styles": {
                    "version": "4.2.1",
                    "resolved": "https://registry.npmjs.org/ansi-styles/-/ansi-styles-4.2.1.tgz",
                    "integrity": "sha512-9VGjrMsG1vePxcSweQsN20KY/c4zN0h9fLjqAbwbPfahM3t+NL+M9HC8xeXG2I8pX5NoamTGNuomEUFI7fcUjA==",
                    "dev": true,
                    "requires": {
                        "@types/color-name": "^1.1.1",
                        "color-convert": "^2.0.1"
                    }
                },
                "color-convert": {
                    "version": "2.0.1",
                    "resolved": "https://registry.npmjs.org/color-convert/-/color-convert-2.0.1.tgz",
                    "integrity": "sha512-RRECPsj7iu/xb5oKYcsFHSppFNnsj/52OVTRKb4zP5onXwVF3zVmmToNcOfGC+CRDpfK/U584fMg38ZHCaElKQ==",
                    "dev": true,
                    "requires": {
                        "color-name": "~1.1.4"
                    }
                },
                "color-name": {
                    "version": "1.1.4",
                    "resolved": "https://registry.npmjs.org/color-name/-/color-name-1.1.4.tgz",
                    "integrity": "sha512-dOy+3AuW3a2wNbZHIuMZpTcgjGuLU/uBL/ubcZF9OXbDo8ff4O8yVp5Bf0efS8uEoYo5q4Fx7dY9OgQGXgAsQA==",
                    "dev": true
                },
                "has-flag": {
                    "version": "4.0.0",
                    "resolved": "https://registry.npmjs.org/has-flag/-/has-flag-4.0.0.tgz",
                    "integrity": "sha512-EykJT/Q1KjTWctppgIAgfSO0tKVuZUjhgMr17kqTumMl6Afv3EISleU7qZUzoXDFTAHTDC4NOoG/ZxU3EvlMPQ==",
                    "dev": true
                },
                "supports-color": {
                    "version": "7.2.0",
                    "resolved": "https://registry.npmjs.org/supports-color/-/supports-color-7.2.0.tgz",
                    "integrity": "sha512-qpCAvRl9stuOHveKsn7HncJRvv501qIacKzQlO/+Lwxc9+0q2wLyv4Dfvt80/DPn2pqOBsJdDiogXGR9+OvwRw==",
                    "dev": true,
                    "requires": {
                        "has-flag": "^4.0.0"
                    }
                }
            }
        },
        "color-convert": {
            "version": "1.9.3",
            "resolved": "https://registry.npmjs.org/color-convert/-/color-convert-1.9.3.tgz",
            "integrity": "sha512-QfAUtd+vFdAtFQcC8CCyYt1fYWxSqAiK2cSD6zDB8N3cpsEBAvRxp9zOGg6G/SHHJYAT88/az/IuDGALsNVbGg==",
            "dev": true,
            "requires": {
                "color-name": "1.1.3"
            }
        },
        "color-name": {
            "version": "1.1.3",
            "resolved": "https://registry.npmjs.org/color-name/-/color-name-1.1.3.tgz",
            "integrity": "sha1-p9BVi9icQveV3UIyj3QIMcpTvCU=",
            "dev": true
        },
        "concat-map": {
            "version": "0.0.1",
            "resolved": "https://registry.npmjs.org/concat-map/-/concat-map-0.0.1.tgz",
            "integrity": "sha1-2Klr13/Wjfd5OnMDajug1UBdR3s=",
            "dev": true
        },
        "core-js-pure": {
            "version": "3.6.5",
            "resolved": "https://registry.npmjs.org/core-js-pure/-/core-js-pure-3.6.5.tgz",
            "integrity": "sha512-lacdXOimsiD0QyNf9BC/mxivNJ/ybBGJXQFKzRekp1WTHoVUWsUHEn+2T8GJAzzIhyOuXA+gOxCVN3l+5PLPUA==",
            "dev": true
        },
        "cross-env": {
            "version": "7.0.2",
            "resolved": "https://registry.npmjs.org/cross-env/-/cross-env-7.0.2.tgz",
            "integrity": "sha512-KZP/bMEOJEDCkDQAyRhu3RL2ZO/SUVrxQVI0G3YEQ+OLbRA3c6zgixe8Mq8a/z7+HKlNEjo8oiLUs8iRijY2Rw==",
            "dev": true,
            "requires": {
                "cross-spawn": "^7.0.1"
            }
        },
        "cross-spawn": {
            "version": "7.0.3",
            "resolved": "https://registry.npmjs.org/cross-spawn/-/cross-spawn-7.0.3.tgz",
            "integrity": "sha512-iRDPJKUPVEND7dHPO8rkbOnPpyDygcDFtWjpeWNCgy8WP2rXcxXL8TskReQl6OrB2G7+UJrags1q15Fudc7G6w==",
            "dev": true,
            "requires": {
                "path-key": "^3.1.0",
                "shebang-command": "^2.0.0",
                "which": "^2.0.1"
            }
        },
        "csstype": {
            "version": "3.0.5",
            "resolved": "https://registry.npmjs.org/csstype/-/csstype-3.0.5.tgz",
            "integrity": "sha512-uVDi8LpBUKQj6sdxNaTetL6FpeCqTjOvAQuQUa/qAqq8oOd4ivkbhgnqayl0dnPal8Tb/yB1tF+gOvCBiicaiQ==",
            "dev": true
        },
        "dockview": {
            "version": "0.0.0-beta.0",
            "resolved": "https://registry.npmjs.org/dockview/-/dockview-0.0.0-beta.0.tgz",
            "integrity": "sha512-3CSGFYZv0ocUMo/xOwGvfMNd6s4aHzkaTZre2wyMboyUOfGIe6mZGgWmvv8Mbx+PN2wKjxv0g8pT4QyhYpp5qw=="
        },
        "dom-accessibility-api": {
            "version": "0.5.2",
            "resolved": "https://registry.npmjs.org/dom-accessibility-api/-/dom-accessibility-api-0.5.2.tgz",
            "integrity": "sha512-k7hRNKAiPJXD2aBqfahSo4/01cTsKWXf+LqJgglnkN2Nz8TsxXKQBXHhKe0Ye9fEfHEZY49uSA5Sr3AqP/sWKA==",
            "dev": true
        },
        "escape-string-regexp": {
            "version": "1.0.5",
            "resolved": "https://registry.npmjs.org/escape-string-regexp/-/escape-string-regexp-1.0.5.tgz",
            "integrity": "sha1-G2HAViGQqN/2rjuyzwIAyhMLhtQ=",
            "dev": true
        },
        "fs.realpath": {
            "version": "1.0.0",
            "resolved": "https://registry.npmjs.org/fs.realpath/-/fs.realpath-1.0.0.tgz",
            "integrity": "sha1-FQStJSMVjKpA20onh8sBQRmU6k8=",
            "dev": true
        },
        "glob": {
            "version": "7.1.6",
            "resolved": "https://registry.npmjs.org/glob/-/glob-7.1.6.tgz",
            "integrity": "sha512-LwaxwyZ72Lk7vZINtNNrywX0ZuLyStrdDtabefZKAY5ZGJhVtgdznluResxNmPitE0SAO+O26sWTHeKSI2wMBA==",
            "dev": true,
            "requires": {
                "fs.realpath": "^1.0.0",
                "inflight": "^1.0.4",
                "inherits": "2",
                "minimatch": "^3.0.4",
                "once": "^1.3.0",
                "path-is-absolute": "^1.0.0"
            }
        },
        "has-flag": {
            "version": "3.0.0",
            "resolved": "https://registry.npmjs.org/has-flag/-/has-flag-3.0.0.tgz",
            "integrity": "sha1-tdRU3CGZriJWmfNGfloH87lVuv0=",
            "dev": true
        },
        "inflight": {
            "version": "1.0.6",
            "resolved": "https://registry.npmjs.org/inflight/-/inflight-1.0.6.tgz",
            "integrity": "sha1-Sb1jMdfQLQwJvJEKEHW6gWW1bfk=",
            "dev": true,
            "requires": {
                "once": "^1.3.0",
                "wrappy": "1"
            }
        },
        "inherits": {
            "version": "2.0.4",
            "resolved": "https://registry.npmjs.org/inherits/-/inherits-2.0.4.tgz",
            "integrity": "sha512-k/vGaX4/Yla3WzyMCvTQOXYeIHvqOKtnqBduzTHpzpQZzAskKMhZ2K+EnBiSM9zGSoIFeMpXKxa4dYeZIQqewQ==",
            "dev": true
        },
        "isexe": {
            "version": "2.0.0",
            "resolved": "https://registry.npmjs.org/isexe/-/isexe-2.0.0.tgz",
            "integrity": "sha1-6PvzdNxVb/iUehDcsFctYz8s+hA=",
            "dev": true
        },
        "js-tokens": {
            "version": "4.0.0",
            "resolved": "https://registry.npmjs.org/js-tokens/-/js-tokens-4.0.0.tgz",
            "integrity": "sha512-RdJUflcE3cUzKiMqQgsCu06FPu9UdIJO0beYbPhHN4k6apgJtifcoCtT9bcxOpYBtpD2kCM6Sbzg4CausW/PKQ==",
            "dev": true
        },
        "loose-envify": {
            "version": "1.4.0",
            "resolved": "https://registry.npmjs.org/loose-envify/-/loose-envify-1.4.0.tgz",
            "integrity": "sha512-lyuxPGr/Wfhrlem2CL/UcnUc1zcqKAImBDzukY7Y5F/yQiNdko6+fRLevlw1HgMySw7f611UIY408EtxRSoK3Q==",
            "dev": true,
            "requires": {
                "js-tokens": "^3.0.0 || ^4.0.0"
            }
        },
        "minimatch": {
            "version": "3.0.4",
            "resolved": "https://registry.npmjs.org/minimatch/-/minimatch-3.0.4.tgz",
            "integrity": "sha512-yJHVQEhyqPLUTgt9B83PXu6W3rx4MvvHvSUvToogpwoGDOUQ+yDrR0HRot+yOCdCO7u4hX3pWft6kWBBcqh0UA==",
            "dev": true,
            "requires": {
                "brace-expansion": "^1.1.7"
            }
        },
        "object-assign": {
            "version": "4.1.1",
            "resolved": "https://registry.npmjs.org/object-assign/-/object-assign-4.1.1.tgz",
            "integrity": "sha1-IQmtx5ZYh8/AXLvUQsrIv7s2CGM=",
            "dev": true
        },
        "once": {
            "version": "1.4.0",
            "resolved": "https://registry.npmjs.org/once/-/once-1.4.0.tgz",
            "integrity": "sha1-WDsap3WWHUsROsF9nFC6753Xa9E=",
            "dev": true,
            "requires": {
                "wrappy": "1"
            }
        },
        "path-is-absolute": {
            "version": "1.0.1",
            "resolved": "https://registry.npmjs.org/path-is-absolute/-/path-is-absolute-1.0.1.tgz",
            "integrity": "sha1-F0uSaHNVNP+8es5r9TpanhtcX18=",
            "dev": true
        },
        "path-key": {
            "version": "3.1.1",
            "resolved": "https://registry.npmjs.org/path-key/-/path-key-3.1.1.tgz",
            "integrity": "sha512-ojmeN0qd+y0jszEtoY48r0Peq5dwMEkIlCOu6Q5f41lfkswXuKtYrhgoTpLnyIcHm24Uhqx+5Tqm2InSwLhE6Q==",
            "dev": true
        },
        "pretty-format": {
            "version": "26.4.2",
            "resolved": "https://registry.npmjs.org/pretty-format/-/pretty-format-26.4.2.tgz",
            "integrity": "sha512-zK6Gd8zDsEiVydOCGLkoBoZuqv8VTiHyAbKznXe/gaph/DAeZOmit9yMfgIz5adIgAMMs5XfoYSwAX3jcCO1tA==",
            "dev": true,
            "requires": {
                "@jest/types": "^26.3.0",
                "ansi-regex": "^5.0.0",
                "ansi-styles": "^4.0.0",
                "react-is": "^16.12.0"
            },
            "dependencies": {
                "ansi-styles": {
                    "version": "4.2.1",
                    "resolved": "https://registry.npmjs.org/ansi-styles/-/ansi-styles-4.2.1.tgz",
                    "integrity": "sha512-9VGjrMsG1vePxcSweQsN20KY/c4zN0h9fLjqAbwbPfahM3t+NL+M9HC8xeXG2I8pX5NoamTGNuomEUFI7fcUjA==",
                    "dev": true,
                    "requires": {
                        "@types/color-name": "^1.1.1",
                        "color-convert": "^2.0.1"
                    }
                },
                "color-convert": {
                    "version": "2.0.1",
                    "resolved": "https://registry.npmjs.org/color-convert/-/color-convert-2.0.1.tgz",
                    "integrity": "sha512-RRECPsj7iu/xb5oKYcsFHSppFNnsj/52OVTRKb4zP5onXwVF3zVmmToNcOfGC+CRDpfK/U584fMg38ZHCaElKQ==",
                    "dev": true,
                    "requires": {
                        "color-name": "~1.1.4"
                    }
                },
                "color-name": {
                    "version": "1.1.4",
                    "resolved": "https://registry.npmjs.org/color-name/-/color-name-1.1.4.tgz",
                    "integrity": "sha512-dOy+3AuW3a2wNbZHIuMZpTcgjGuLU/uBL/ubcZF9OXbDo8ff4O8yVp5Bf0efS8uEoYo5q4Fx7dY9OgQGXgAsQA==",
                    "dev": true
                }
            }
        },
        "react": {
            "version": "17.0.1",
            "resolved": "https://registry.npmjs.org/react/-/react-17.0.1.tgz",
            "integrity": "sha512-lG9c9UuMHdcAexXtigOZLX8exLWkW0Ku29qPRU8uhF2R9BN96dLCt0psvzPLlHc5OWkgymP3qwTRgbnw5BKx3w==",
            "dev": true,
            "requires": {
                "loose-envify": "^1.1.0",
                "object-assign": "^4.1.1"
            }
        },
        "react-dom": {
            "version": "17.0.1",
            "resolved": "https://registry.npmjs.org/react-dom/-/react-dom-17.0.1.tgz",
            "integrity": "sha512-6eV150oJZ9U2t9svnsspTMrWNyHc6chX0KzDeAOXftRa8bNeOKTTfCJ7KorIwenkHd2xqVTBTCZd79yk/lx/Ug==",
            "dev": true,
            "requires": {
                "loose-envify": "^1.1.0",
                "object-assign": "^4.1.1",
                "scheduler": "^0.20.1"
            }
        },
        "react-is": {
            "version": "16.13.1",
            "resolved": "https://registry.npmjs.org/react-is/-/react-is-16.13.1.tgz",
            "integrity": "sha512-24e6ynE2H+OKt4kqsOvNd8kBpV65zoxbA4BVsEOB3ARVWQki/DHzaUoC5KuON/BiccDaCCTZBuOcfZs70kR8bQ==",
            "dev": true
        },
        "regenerator-runtime": {
            "version": "0.13.7",
            "resolved": "https://registry.npmjs.org/regenerator-runtime/-/regenerator-runtime-0.13.7.tgz",
            "integrity": "sha512-a54FxoJDIr27pgf7IgeQGxmqUNYrcV338lf/6gH456HZ/PhX+5BcwHXG9ajESmwe6WRO0tAzRUrRmNONWgkrew==",
            "dev": true
        },
        "rimraf": {
            "version": "3.0.2",
            "resolved": "https://registry.npmjs.org/rimraf/-/rimraf-3.0.2.tgz",
            "integrity": "sha512-JZkJMZkAGFFPP2YqXZXPbMlMBgsxzE8ILs4lMIX/2o0L9UBw9O/Y3o6wFw/i9YLapcUJWwqbi3kdxIPdC62TIA==",
            "dev": true,
            "requires": {
                "glob": "^7.1.3"
            }
        },
        "scheduler": {
            "version": "0.20.1",
            "resolved": "https://registry.npmjs.org/scheduler/-/scheduler-0.20.1.tgz",
            "integrity": "sha512-LKTe+2xNJBNxu/QhHvDR14wUXHRQbVY5ZOYpOGWRzhydZUqrLb2JBvLPY7cAqFmqrWuDED0Mjk7013SZiOz6Bw==",
            "dev": true,
            "requires": {
                "loose-envify": "^1.1.0",
                "object-assign": "^4.1.1"
            }
        },
        "shebang-command": {
            "version": "2.0.0",
            "resolved": "https://registry.npmjs.org/shebang-command/-/shebang-command-2.0.0.tgz",
            "integrity": "sha512-kHxr2zZpYtdmrN1qDjrrX/Z1rR1kG8Dx+gkpK1G4eXmvXswmcE1hTWBWYUzlraYw1/yZp6YuDY77YtvbN0dmDA==",
            "dev": true,
            "requires": {
                "shebang-regex": "^3.0.0"
            }
        },
        "shebang-regex": {
            "version": "3.0.0",
            "resolved": "https://registry.npmjs.org/shebang-regex/-/shebang-regex-3.0.0.tgz",
            "integrity": "sha512-7++dFhtcx3353uBaq8DDR4NuxBetBzC7ZQOhmTQInHEd6bSrXdiEyzCvG07Z44UYdLShWUyXt5M/yhz8ekcb1A==",
            "dev": true
        },
        "supports-color": {
            "version": "5.5.0",
            "resolved": "https://registry.npmjs.org/supports-color/-/supports-color-5.5.0.tgz",
            "integrity": "sha512-QjVjwdXIt408MIiAqCX4oUKsgU2EqAGzs2Ppkm4aQYbjm+ZEWEcW4SfFNTr4uMNZma0ey4f5lgLrkB0aX0QMow==",
            "dev": true,
            "requires": {
                "has-flag": "^3.0.0"
            }
        },
        "which": {
            "version": "2.0.2",
            "resolved": "https://registry.npmjs.org/which/-/which-2.0.2.tgz",
            "integrity": "sha512-BLI3Tl1TW3Pvl70l3yq3Y64i+awpwXqsGBYWkkqMtnbXgrMD+yj7rhW0kuEDxzJaYXGjEW5ogapKNMEKNMjibA==",
            "dev": true,
            "requires": {
                "isexe": "^2.0.0"
            }
        },
        "wrappy": {
            "version": "1.0.2",
            "resolved": "https://registry.npmjs.org/wrappy/-/wrappy-1.0.2.tgz",
            "integrity": "sha1-tSQ9jz7BqjXxNkYFvA0QNuMKtp8=",
            "dev": true
        }
    }
}
